
Microsoft Visual Studio Solution File, Format Version 12.00
# Visual Studio Version 17
VisualStudioVersion = 17.6.33815.320
MinimumVisualStudioVersion = 10.0.40219.1
Project("{FAE04EC0-301F-11D3-BF4B-00C04F79EFBC}") = "Hotellift", "Hotellift\Hotellift.csproj", "{1CC154DE-D8EA-4593-B94F-C98E30161939}"
EndProject
Global
	GlobalSection(SolutionConfigurationPlatforms) = preSolution
		Debug|Any CPU = Debug|Any CPU
		Release|Any CPU = Release|Any CPU
	EndGlobalSection
	GlobalSection(ProjectConfigurationPlatforms) = postSolution
		{1CC154DE-D8EA-4593-B94F-C98E30161939}.Debug|Any CPU.ActiveCfg = Debug|Any CPU
		{1CC154DE-D8EA-4593-B94F-C98E30161939}.Debug|Any CPU.Build.0 = Debug|Any CPU
		{1CC154DE-D8EA-4593-B94F-C98E30161939}.Release|Any CPU.ActiveCfg = Release|Any CPU
		{1CC154DE-D8EA-4593-B94F-C98E30161939}.Release|Any CPU.Build.0 = Release|Any CPU
	EndGlobalSection
	GlobalSection(SolutionProperties) = preSolution
		HideSolutionNode = FALSE
	EndGlobalSection
	GlobalSection(ExtensibilityGlobals) = postSolution
		SolutionGuid = {CE805077-39BC-4235-92D3-35A25F738AB2}
	EndGlobalSection
EndGlobal
